
Microsoft Visual Studio Solution File, Format Version 12.00
# Visual Studio Version 17
VisualStudioVersion = 17.5.002.0
MinimumVisualStudioVersion = 10.0.40219.1
Project("{9A19103F-16F7-4668-BE54-9A1E7A4F7556}") = "Task7", "Task7.csproj", "{72D2C9E3-FF43-4DEB-AE01-35265CF71BC4}"
EndProject
Global
	GlobalSection(SolutionConfigurationPlatforms) = preSolution
		Debug|Any CPU = Debug|Any CPU
		Release|Any CPU = Release|Any CPU
	EndGlobalSection
	GlobalSection(ProjectConfigurationPlatforms) = postSolution
		{72D2C9E3-FF43-4DEB-AE01-35265CF71BC4}.Debug|Any CPU.ActiveCfg = Debug|Any CPU
		{72D2C9E3-FF43-4DEB-AE01-35265CF71BC4}.Debug|Any CPU.Build.0 = Debug|Any CPU
		{72D2C9E3-FF43-4DEB-AE01-35265CF71BC4}.Release|Any CPU.ActiveCfg = Release|Any CPU
		{72D2C9E3-FF43-4DEB-AE01-35265CF71BC4}.Release|Any CPU.Build.0 = Release|Any CPU
	EndGlobalSection
	GlobalSection(SolutionProperties) = preSolution
		HideSolutionNode = FALSE
	EndGlobalSection
	GlobalSection(ExtensibilityGlobals) = postSolution
		SolutionGuid = {4286E55E-10D2-49BD-A1E9-2640DFB89FDD}
	EndGlobalSection
EndGlobal
